// !$*UTF8*$!
{
	archiveVersion = 1;
	classes = {
	};
	objectVersion = 51;
	objects = {

/* Begin PBXBuildFile section */
		53853956E61319B2ABC859BE /* Pods_UITableView_UITableViewUITests.framework in Frameworks */ = {isa = PBXBuildFile; fileRef = 5233D2A46DD1EB320EF53AD7 /* Pods_UITableView_UITableViewUITests.framework */; };
		755D847FA5FC8F6F41240C43 /* Pods_UITableViewTests.framework in Frameworks */ = {isa = PBXBuildFile; fileRef = AAAB0E3AB47CD31ED964A6FB /* Pods_UITableViewTests.framework */; };
		A70A4012A4899DB6E407207B /* Pods_UITableView.framework in Frameworks */ = {isa = PBXBuildFile; fileRef = 2FCD2F31295B075153914609 /* Pods_UITableView.framework */; };
		FF4CC5012620DD06001478F3 /* AppDelegate.swift in Sources */ = {isa = PBXBuildFile; fileRef = FF4CC5002620DD06001478F3 /* AppDelegate.swift */; };
		FF4CC5032620DD06001478F3 /* SceneDelegate.swift in Sources */ = {isa = PBXBuildFile; fileRef = FF4CC5022620DD06001478F3 /* SceneDelegate.swift */; };
		FF4CC5052620DD06001478F3 /* ViewController.swift in Sources */ = {isa = PBXBuildFile; fileRef = FF4CC5042620DD06001478F3 /* ViewController.swift */; };
		FF4CC5082620DD06001478F3 /* Main.storyboard in Resources */ = {isa = PBXBuildFile; fileRef = FF4CC5062620DD06001478F3 /* Main.storyboard */; };
		FF4CC50A2620DD07001478F3 /* Assets.xcassets in Resources */ = {isa = PBXBuildFile; fileRef = FF4CC5092620DD07001478F3 /* Assets.xcassets */; };
		FF4CC50D2620DD07001478F3 /* LaunchScreen.storyboard in Resources */ = {isa = PBXBuildFile; fileRef = FF4CC50B2620DD07001478F3 /* LaunchScreen.storyboard */; };
		FF4CC5182620DD07001478F3 /* UITableViewTests.swift in Sources */ = {isa = PBXBuildFile; fileRef = FF4CC5172620DD07001478F3 /* UITableViewTests.swift */; };
		FF4CC5232620DD07001478F3 /* UITableViewUITests.swift in Sources */ = {isa = PBXBuildFile; fileRef = FF4CC5222620DD07001478F3 /* UITableViewUITests.swift */; };
		FF4CC53B2620DE48001478F3 /* FontModel.swift in Sources */ = {isa = PBXBuildFile; fileRef = FF4CC53A2620DE48001478F3 /* FontModel.swift */; };
		FF4CC5402620DEF8001478F3 /* FontDataProvider.swift in Sources */ = {isa = PBXBuildFile; fileRef = FF4CC53F2620DEF8001478F3 /* FontDataProvider.swift */; };
		FF70CACB263C66BD0017F5ED /* SignInTableViewCell.swift in Sources */ = {isa = PBXBuildFile; fileRef = FF70CACA263C66BD0017F5ED /* SignInTableViewCell.swift */; };
		FF70CAD0263C79520017F5ED /* GeneralTableViewCell.swift in Sources */ = {isa = PBXBuildFile; fileRef = FF70CACF263C79520017F5ED /* GeneralTableViewCell.swift */; };
		FF70CAD5263D6E7F0017F5ED /* TableViewModel.swift in Sources */ = {isa = PBXBuildFile; fileRef = FF70CAD4263D6E7E0017F5ED /* TableViewModel.swift */; };
		FF70CAE7263DD6410017F5ED /* EmptyTableViewCell.swift in Sources */ = {isa = PBXBuildFile; fileRef = FF70CAE6263DD6410017F5ED /* EmptyTableViewCell.swift */; };
/* End PBXBuildFile section */

/* Begin PBXContainerItemProxy section */
		FF4CC5142620DD07001478F3 /* PBXContainerItemProxy */ = {
			isa = PBXContainerItemProxy;
			containerPortal = FF4CC4F52620DD05001478F3 /* Project object */;
			proxyType = 1;
			remoteGlobalIDString = FF4CC4FC2620DD05001478F3;
			remoteInfo = UITableView;
		};
		FF4CC51F2620DD07001478F3 /* PBXContainerItemProxy */ = {
			isa = PBXContainerItemProxy;
			containerPortal = FF4CC4F52620DD05001478F3 /* Project object */;
			proxyType = 1;
			remoteGlobalIDString = FF4CC4FC2620DD05001478F3;
			remoteInfo = UITableView;
		};
/* End PBXContainerItemProxy section */

/* Begin PBXFileReference section */
		15147021E26F765BFD8C6B80 /* Pods-UITableView.release.xcconfig */ = {isa = PBXFileReference; includeInIndex = 1; lastKnownFileType = text.xcconfig; name = "Pods-UITableView.release.xcconfig"; path = "Target Support Files/Pods-UITableView/Pods-UITableView.release.xcconfig"; sourceTree = "<group>"; };
		2FCD2F31295B075153914609 /* Pods_UITableView.framework */ = {isa = PBXFileReference; explicitFileType = wrapper.framework; includeInIndex = 0; path = Pods_UITableView.framework; sourceTree = BUILT_PRODUCTS_DIR; };
		5233D2A46DD1EB320EF53AD7 /* Pods_UITableView_UITableViewUITests.framework */ = {isa = PBXFileReference; explicitFileType = wrapper.framework; includeInIndex = 0; path = Pods_UITableView_UITableViewUITests.framework; sourceTree = BUILT_PRODUCTS_DIR; };
		5AA9F27F6659C4C17C20FB1B /* Pods-UITableView.debug.xcconfig */ = {isa = PBXFileReference; includeInIndex = 1; lastKnownFileType = text.xcconfig; name = "Pods-UITableView.debug.xcconfig"; path = "Target Support Files/Pods-UITableView/Pods-UITableView.debug.xcconfig"; sourceTree = "<group>"; };
		6D196F8C9245DDCE4F96A937 /* Pods-UITableView-UITableViewUITests.debug.xcconfig */ = {isa = PBXFileReference; includeInIndex = 1; lastKnownFileType = text.xcconfig; name = "Pods-UITableView-UITableViewUITests.debug.xcconfig"; path = "Target Support Files/Pods-UITableView-UITableViewUITests/Pods-UITableView-UITableViewUITests.debug.xcconfig"; sourceTree = "<group>"; };
		7096CFC5C510C7D75924C2A8 /* Pods-UITableView-UITableViewUITests.release.xcconfig */ = {isa = PBXFileReference; includeInIndex = 1; lastKnownFileType = text.xcconfig; name = "Pods-UITableView-UITableViewUITests.release.xcconfig"; path = "Target Support Files/Pods-UITableView-UITableViewUITests/Pods-UITableView-UITableViewUITests.release.xcconfig"; sourceTree = "<group>"; };
		78CF6201EEC85FC698A85579 /* Pods-UITableViewTests.debug.xcconfig */ = {isa = PBXFileReference; includeInIndex = 1; lastKnownFileType = text.xcconfig; name = "Pods-UITableViewTests.debug.xcconfig"; path = "Target Support Files/Pods-UITableViewTests/Pods-UITableViewTests.debug.xcconfig"; sourceTree = "<group>"; };
		AAAB0E3AB47CD31ED964A6FB /* Pods_UITableViewTests.framework */ = {isa = PBXFileReference; explicitFileType = wrapper.framework; includeInIndex = 0; path = Pods_UITableViewTests.framework; sourceTree = BUILT_PRODUCTS_DIR; };
		FEB5AD146047AEDA8A324005 /* Pods-UITableViewTests.release.xcconfig */ = {isa = PBXFileReference; includeInIndex = 1; lastKnownFileType = text.xcconfig; name = "Pods-UITableViewTests.release.xcconfig"; path = "Target Support Files/Pods-UITableViewTests/Pods-UITableViewTests.release.xcconfig"; sourceTree = "<group>"; };
		FF4CC4FD2620DD05001478F3 /* UITableView.app */ = {isa = PBXFileReference; explicitFileType = wrapper.application; includeInIndex = 0; path = UITableView.app; sourceTree = BUILT_PRODUCTS_DIR; };
		FF4CC5002620DD06001478F3 /* AppDelegate.swift */ = {isa = PBXFileReference; lastKnownFileType = sourcecode.swift; path = AppDelegate.swift; sourceTree = "<group>"; };
		FF4CC5022620DD06001478F3 /* SceneDelegate.swift */ = {isa = PBXFileReference; lastKnownFileType = sourcecode.swift; path = SceneDelegate.swift; sourceTree = "<group>"; };
		FF4CC5042620DD06001478F3 /* ViewController.swift */ = {isa = PBXFileReference; lastKnownFileType = sourcecode.swift; path = ViewController.swift; sourceTree = "<group>"; };
		FF4CC5072620DD06001478F3 /* Base */ = {isa = PBXFileReference; lastKnownFileType = file.storyboard; name = Base; path = Base.lproj/Main.storyboard; sourceTree = "<group>"; };
		FF4CC5092620DD07001478F3 /* Assets.xcassets */ = {isa = PBXFileReference; lastKnownFileType = folder.assetcatalog; path = Assets.xcassets; sourceTree = "<group>"; };
		FF4CC50C2620DD07001478F3 /* Base */ = {isa = PBXFileReference; lastKnownFileType = file.storyboard; name = Base; path = Base.lproj/LaunchScreen.storyboard; sourceTree = "<group>"; };
		FF4CC50E2620DD07001478F3 /* Info.plist */ = {isa = PBXFileReference; lastKnownFileType = text.plist.xml; path = Info.plist; sourceTree = "<group>"; };
		FF4CC5132620DD07001478F3 /* UITableViewTests.xctest */ = {isa = PBXFileReference; explicitFileType = wrapper.cfbundle; includeInIndex = 0; path = UITableViewTests.xctest; sourceTree = BUILT_PRODUCTS_DIR; };
		FF4CC5172620DD07001478F3 /* UITableViewTests.swift */ = {isa = PBXFileReference; lastKnownFileType = sourcecode.swift; path = UITableViewTests.swift; sourceTree = "<group>"; };
		FF4CC5192620DD07001478F3 /* Info.plist */ = {isa = PBXFileReference; lastKnownFileType = text.plist.xml; path = Info.plist; sourceTree = "<group>"; };
		FF4CC51E2620DD07001478F3 /* UITableViewUITests.xctest */ = {isa = PBXFileReference; explicitFileType = wrapper.cfbundle; includeInIndex = 0; path = UITableViewUITests.xctest; sourceTree = BUILT_PRODUCTS_DIR; };
		FF4CC5222620DD07001478F3 /* UITableViewUITests.swift */ = {isa = PBXFileReference; lastKnownFileType = sourcecode.swift; path = UITableViewUITests.swift; sourceTree = "<group>"; };
		FF4CC5242620DD07001478F3 /* Info.plist */ = {isa = PBXFileReference; lastKnownFileType = text.plist.xml; path = Info.plist; sourceTree = "<group>"; };
		FF4CC53A2620DE48001478F3 /* FontModel.swift */ = {isa = PBXFileReference; lastKnownFileType = sourcecode.swift; path = FontModel.swift; sourceTree = "<group>"; };
		FF4CC53F2620DEF8001478F3 /* FontDataProvider.swift */ = {isa = PBXFileReference; lastKnownFileType = sourcecode.swift; path = FontDataProvider.swift; sourceTree = "<group>"; };
		FF70CACA263C66BD0017F5ED /* SignInTableViewCell.swift */ = {isa = PBXFileReference; lastKnownFileType = sourcecode.swift; path = SignInTableViewCell.swift; sourceTree = "<group>"; };
		FF70CACF263C79520017F5ED /* GeneralTableViewCell.swift */ = {isa = PBXFileReference; lastKnownFileType = sourcecode.swift; path = GeneralTableViewCell.swift; sourceTree = "<group>"; };
		FF70CAD4263D6E7E0017F5ED /* TableViewModel.swift */ = {isa = PBXFileReference; lastKnownFileType = sourcecode.swift; path = TableViewModel.swift; sourceTree = "<group>"; };
		FF70CAE6263DD6410017F5ED /* EmptyTableViewCell.swift */ = {isa = PBXFileReference; lastKnownFileType = sourcecode.swift; path = EmptyTableViewCell.swift; sourceTree = "<group>"; };
/* End PBXFileReference section */

/* Begin PBXFrameworksBuildPhase section */
		FF4CC4FA2620DD05001478F3 /* Frameworks */ = {
			isa = PBXFrameworksBuildPhase;
			buildActionMask = 2147483647;
			files = (
				A70A4012A4899DB6E407207B /* Pods_UITableView.framework in Frameworks */,
			);
			runOnlyForDeploymentPostprocessing = 0;
		};
		FF4CC5102620DD07001478F3 /* Frameworks */ = {
			isa = PBXFrameworksBuildPhase;
			buildActionMask = 2147483647;
			files = (
				755D847FA5FC8F6F41240C43 /* Pods_UITableViewTests.framework in Frameworks */,
			);
			runOnlyForDeploymentPostprocessing = 0;
		};
		FF4CC51B2620DD07001478F3 /* Frameworks */ = {
			isa = PBXFrameworksBuildPhase;
			buildActionMask = 2147483647;
			files = (
				53853956E61319B2ABC859BE /* Pods_UITableView_UITableViewUITests.framework in Frameworks */,
			);
			runOnlyForDeploymentPostprocessing = 0;
		};
/* End PBXFrameworksBuildPhase section */

/* Begin PBXGroup section */
		18C19507530C7767CC6389BE /* Frameworks */ = {
			isa = PBXGroup;
			children = (
				2FCD2F31295B075153914609 /* Pods_UITableView.framework */,
				5233D2A46DD1EB320EF53AD7 /* Pods_UITableView_UITableViewUITests.framework */,
				AAAB0E3AB47CD31ED964A6FB /* Pods_UITableViewTests.framework */,
			);
			name = Frameworks;
			sourceTree = "<group>";
		};
		A6F7DD25CA80D8726E3E49A9 /* Pods */ = {
			isa = PBXGroup;
			children = (
				5AA9F27F6659C4C17C20FB1B /* Pods-UITableView.debug.xcconfig */,
				15147021E26F765BFD8C6B80 /* Pods-UITableView.release.xcconfig */,
				6D196F8C9245DDCE4F96A937 /* Pods-UITableView-UITableViewUITests.debug.xcconfig */,
				7096CFC5C510C7D75924C2A8 /* Pods-UITableView-UITableViewUITests.release.xcconfig */,
				78CF6201EEC85FC698A85579 /* Pods-UITableViewTests.debug.xcconfig */,
				FEB5AD146047AEDA8A324005 /* Pods-UITableViewTests.release.xcconfig */,
			);
			path = Pods;
			sourceTree = "<group>";
		};
		FF4CC4F42620DD05001478F3 = {
			isa = PBXGroup;
			children = (
				FF4CC4FF2620DD05001478F3 /* UITableView */,
				FF4CC5162620DD07001478F3 /* UITableViewTests */,
				FF4CC5212620DD07001478F3 /* UITableViewUITests */,
				FF4CC4FE2620DD05001478F3 /* Products */,
				A6F7DD25CA80D8726E3E49A9 /* Pods */,
				18C19507530C7767CC6389BE /* Frameworks */,
			);
			sourceTree = "<group>";
		};
		FF4CC4FE2620DD05001478F3 /* Products */ = {
			isa = PBXGroup;
			children = (
				FF4CC4FD2620DD05001478F3 /* UITableView.app */,
				FF4CC5132620DD07001478F3 /* UITableViewTests.xctest */,
				FF4CC51E2620DD07001478F3 /* UITableViewUITests.xctest */,
			);
			name = Products;
			sourceTree = "<group>";
		};
		FF4CC4FF2620DD05001478F3 /* UITableView */ = {
			isa = PBXGroup;
			children = (
				FF4CC5002620DD06001478F3 /* AppDelegate.swift */,
				FF4CC5022620DD06001478F3 /* SceneDelegate.swift */,
				FF4CC5042620DD06001478F3 /* ViewController.swift */,
				FF4CC5062620DD06001478F3 /* Main.storyboard */,
				FF4CC5092620DD07001478F3 /* Assets.xcassets */,
				FF4CC50B2620DD07001478F3 /* LaunchScreen.storyboard */,
				FF4CC50E2620DD07001478F3 /* Info.plist */,
				FF4CC53A2620DE48001478F3 /* FontModel.swift */,
				FF4CC53F2620DEF8001478F3 /* FontDataProvider.swift */,
				FF70CACA263C66BD0017F5ED /* SignInTableViewCell.swift */,
				FF70CACF263C79520017F5ED /* GeneralTableViewCell.swift */,
				FF70CAD4263D6E7E0017F5ED /* TableViewModel.swift */,
				FF70CAE6263DD6410017F5ED /* EmptyTableViewCell.swift */,
			);
			path = UITableView;
			sourceTree = "<group>";
		};
		FF4CC5162620DD07001478F3 /* UITableViewTests */ = {
			isa = PBXGroup;
			children = (
				FF4CC5172620DD07001478F3 /* UITableViewTests.swift */,
				FF4CC5192620DD07001478F3 /* Info.plist */,
			);
			path = UITableViewTests;
			sourceTree = "<group>";
		};
		FF4CC5212620DD07001478F3 /* UITableViewUITests */ = {
			isa = PBXGroup;
			children = (
				FF4CC5222620DD07001478F3 /* UITableViewUITests.swift */,
				FF4CC5242620DD07001478F3 /* Info.plist */,
			);
			path = UITableViewUITests;
			sourceTree = "<group>";
		};
/* End PBXGroup section */

/* Begin PBXNativeTarget section */
		FF4CC4FC2620DD05001478F3 /* UITableView */ = {
			isa = PBXNativeTarget;
			buildConfigurationList = FF4CC5272620DD07001478F3 /* Build configuration list for PBXNativeTarget "UITableView" */;
			buildPhases = (
				8D63B06315167F94ADFCA3F9 /* [CP] Check Pods Manifest.lock */,
				FF4CC4F92620DD05001478F3 /* Sources */,
				FF4CC4FA2620DD05001478F3 /* Frameworks */,
				FF4CC4FB2620DD05001478F3 /* Resources */,
				5E8F2BD7BA5309AB2B33F4C4 /* [CP] Embed Pods Frameworks */,
			);
			buildRules = (
			);
			dependencies = (
			);
			name = UITableView;
			productName = UITableView;
			productReference = FF4CC4FD2620DD05001478F3 /* UITableView.app */;
			productType = "com.apple.product-type.application";
		};
		FF4CC5122620DD07001478F3 /* UITableViewTests */ = {
			isa = PBXNativeTarget;
			buildConfigurationList = FF4CC52A2620DD07001478F3 /* Build configuration list for PBXNativeTarget "UITableViewTests" */;
			buildPhases = (
				251FA213C86A04B2B30F314E /* [CP] Check Pods Manifest.lock */,
				FF4CC50F2620DD07001478F3 /* Sources */,
				FF4CC5102620DD07001478F3 /* Frameworks */,
				FF4CC5112620DD07001478F3 /* Resources */,
			);
			buildRules = (
			);
			dependencies = (
				FF4CC5152620DD07001478F3 /* PBXTargetDependency */,
			);
			name = UITableViewTests;
			productName = UITableViewTests;
			productReference = FF4CC5132620DD07001478F3 /* UITableViewTests.xctest */;
			productType = "com.apple.product-type.bundle.unit-test";
		};
		FF4CC51D2620DD07001478F3 /* UITableViewUITests */ = {
			isa = PBXNativeTarget;
			buildConfigurationList = FF4CC52D2620DD07001478F3 /* Build configuration list for PBXNativeTarget "UITableViewUITests" */;
			buildPhases = (
				5BD2244C31A804A7F57F6CA4 /* [CP] Check Pods Manifest.lock */,
				FF4CC51A2620DD07001478F3 /* Sources */,
				FF4CC51B2620DD07001478F3 /* Frameworks */,
				FF4CC51C2620DD07001478F3 /* Resources */,
				328F0958510FB53A5978200E /* [CP] Embed Pods Frameworks */,
			);
			buildRules = (
			);
			dependencies = (
				FF4CC5202620DD07001478F3 /* PBXTargetDependency */,
			);
			name = UITableViewUITests;
			productName = UITableViewUITests;
			productReference = FF4CC51E2620DD07001478F3 /* UITableViewUITests.xctest */;
			productType = "com.apple.product-type.bundle.ui-testing";
		};
/* End PBXNativeTarget section */

/* Begin PBXProject section */
		FF4CC4F52620DD05001478F3 /* Project object */ = {
			isa = PBXProject;
			attributes = {
				LastSwiftUpdateCheck = 1240;
				LastUpgradeCheck = 1240;
				TargetAttributes = {
					FF4CC4FC2620DD05001478F3 = {
						CreatedOnToolsVersion = 12.4;
					};
					FF4CC5122620DD07001478F3 = {
						CreatedOnToolsVersion = 12.4;
						TestTargetID = FF4CC4FC2620DD05001478F3;
					};
					FF4CC51D2620DD07001478F3 = {
						CreatedOnToolsVersion = 12.4;
						TestTargetID = FF4CC4FC2620DD05001478F3;
					};
				};
			};
			buildConfigurationList = FF4CC4F82620DD05001478F3 /* Build configuration list for PBXProject "UITableView" */;
			compatibilityVersion = "Xcode 9.3";
			developmentRegion = en;
			hasScannedForEncodings = 0;
			knownRegions = (
				en,
				Base,
			);
			mainGroup = FF4CC4F42620DD05001478F3;
			productRefGroup = FF4CC4FE2620DD05001478F3 /* Products */;
			projectDirPath = "";
			projectRoot = "";
			targets = (
				FF4CC4FC2620DD05001478F3 /* UITableView */,
				FF4CC5122620DD07001478F3 /* UITableViewTests */,
				FF4CC51D2620DD07001478F3 /* UITableViewUITests */,
			);
		};
/* End PBXProject section */

/* Begin PBXResourcesBuildPhase section */
		FF4CC4FB2620DD05001478F3 /* Resources */ = {
			isa = PBXResourcesBuildPhase;
			buildActionMask = 2147483647;
			files = (
				FF4CC50D2620DD07001478F3 /* LaunchScreen.storyboard in Resources */,
				FF4CC50A2620DD07001478F3 /* Assets.xcassets in Resources */,
				FF4CC5082620DD06001478F3 /* Main.storyboard in Resources */,
			);
			runOnlyForDeploymentPostprocessing = 0;
		};
		FF4CC5112620DD07001478F3 /* Resources */ = {
			isa = PBXResourcesBuildPhase;
			buildActionMask = 2147483647;
			files = (
			);
			runOnlyForDeploymentPostprocessing = 0;
		};
		FF4CC51C2620DD07001478F3 /* Resources */ = {
			isa = PBXResourcesBuildPhase;
			buildActionMask = 2147483647;
			files = (
			);
			runOnlyForDeploymentPostprocessing = 0;
		};
/* End PBXResourcesBuildPhase section */

/* Begin PBXShellScriptBuildPhase section */
		251FA213C86A04B2B30F314E /* [CP] Check Pods Manifest.lock */ = {
			isa = PBXShellScriptBuildPhase;
			buildActionMask = 2147483647;
			files = (
			);
			inputFileListPaths = (
			);
			inputPaths = (
				"${PODS_PODFILE_DIR_PATH}/Podfile.lock",
				"${PODS_ROOT}/Manifest.lock",
			);
			name = "[CP] Check Pods Manifest.lock";
			outputFileListPaths = (
			);
			outputPaths = (
				"$(DERIVED_FILE_DIR)/Pods-UITableViewTests-checkManifestLockResult.txt",
			);
			runOnlyForDeploymentPostprocessing = 0;
			shellPath = /bin/sh;
			shellScript = "diff \"${PODS_PODFILE_DIR_PATH}/Podfile.lock\" \"${PODS_ROOT}/Manifest.lock\" > /dev/null\nif [ $? != 0 ] ; then\n    # print error to STDERR\n    echo \"error: The sandbox is not in sync with the Podfile.lock. Run 'pod install' or update your CocoaPods installation.\" >&2\n    exit 1\nfi\n# This output is used by Xcode 'outputs' to avoid re-running this script phase.\necho \"SUCCESS\" > \"${SCRIPT_OUTPUT_FILE_0}\"\n";
			showEnvVarsInLog = 0;
		};
		328F0958510FB53A5978200E /* [CP] Embed Pods Frameworks */ = {
			isa = PBXShellScriptBuildPhase;
			buildActionMask = 2147483647;
			files = (
			);
			inputFileListPaths = (
				"${PODS_ROOT}/Target Support Files/Pods-UITableView-UITableViewUITests/Pods-UITableView-UITableViewUITests-frameworks-${CONFIGURATION}-input-files.xcfilelist",
			);
			name = "[CP] Embed Pods Frameworks";
			outputFileListPaths = (
				"${PODS_ROOT}/Target Support Files/Pods-UITableView-UITableViewUITests/Pods-UITableView-UITableViewUITests-frameworks-${CONFIGURATION}-output-files.xcfilelist",
			);
			runOnlyForDeploymentPostprocessing = 0;
			shellPath = /bin/sh;
			shellScript = "\"${PODS_ROOT}/Target Support Files/Pods-UITableView-UITableViewUITests/Pods-UITableView-UITableViewUITests-frameworks.sh\"\n";
			showEnvVarsInLog = 0;
		};
		5BD2244C31A804A7F57F6CA4 /* [CP] Check Pods Manifest.lock */ = {
			isa = PBXShellScriptBuildPhase;
			buildActionMask = 2147483647;
			files = (
			);
			inputFileListPaths = (
			);
			inputPaths = (
				"${PODS_PODFILE_DIR_PATH}/Podfile.lock",
				"${PODS_ROOT}/Manifest.lock",
			);
			name = "[CP] Check Pods Manifest.lock";
			outputFileListPaths = (
			);
			outputPaths = (
				"$(DERIVED_FILE_DIR)/Pods-UITableView-UITableViewUITests-checkManifestLockResult.txt",
			);
			runOnlyForDeploymentPostprocessing = 0;
			shellPath = /bin/sh;
			shellScript = "diff \"${PODS_PODFILE_DIR_PATH}/Podfile.lock\" \"${PODS_ROOT}/Manifest.lock\" > /dev/null\nif [ $? != 0 ] ; then\n    # print error to STDERR\n    echo \"error: The sandbox is not in sync with the Podfile.lock. Run 'pod install' or update your CocoaPods installation.\" >&2\n    exit 1\nfi\n# This output is used by Xcode 'outputs' to avoid re-running this script phase.\necho \"SUCCESS\" > \"${SCRIPT_OUTPUT_FILE_0}\"\n";
			showEnvVarsInLog = 0;
		};
		5E8F2BD7BA5309AB2B33F4C4 /* [CP] Embed Pods Frameworks */ = {
			isa = PBXShellScriptBuildPhase;
			buildActionMask = 2147483647;
			files = (
			);
			inputFileListPaths = (
				"${PODS_ROOT}/Target Support Files/Pods-UITableView/Pods-UITableView-frameworks-${CONFIGURATION}-input-files.xcfilelist",
			);
			name = "[CP] Embed Pods Frameworks";
			outputFileListPaths = (
				"${PODS_ROOT}/Target Support Files/Pods-UITableView/Pods-UITableView-frameworks-${CONFIGURATION}-output-files.xcfilelist",
			);
			runOnlyForDeploymentPostprocessing = 0;
			shellPath = /bin/sh;
			shellScript = "\"${PODS_ROOT}/Target Support Files/Pods-UITableView/Pods-UITableView-frameworks.sh\"\n";
			showEnvVarsInLog = 0;
		};
		8D63B06315167F94ADFCA3F9 /* [CP] Check Pods Manifest.lock */ = {
			isa = PBXShellScriptBuildPhase;
			buildActionMask = 2147483647;
			files = (
			);
			inputFileListPaths = (
			);
			inputPaths = (
				"${PODS_PODFILE_DIR_PATH}/Podfile.lock",
				"${PODS_ROOT}/Manifest.lock",
			);
			name = "[CP] Check Pods Manifest.lock";
			outputFileListPaths = (
			);
			outputPaths = (
				"$(DERIVED_FILE_DIR)/Pods-UITableView-checkManifestLockResult.txt",
			);
			runOnlyForDeploymentPostprocessing = 0;
			shellPath = /bin/sh;
			shellScript = "diff \"${PODS_PODFILE_DIR_PATH}/Podfile.lock\" \"${PODS_ROOT}/Manifest.lock\" > /dev/null\nif [ $? != 0 ] ; then\n    # print error to STDERR\n    echo \"error: The sandbox is not in sync with the Podfile.lock. Run 'pod install' or update your CocoaPods installation.\" >&2\n    exit 1\nfi\n# This output is used by Xcode 'outputs' to avoid re-running this script phase.\necho \"SUCCESS\" > \"${SCRIPT_OUTPUT_FILE_0}\"\n";
			showEnvVarsInLog = 0;
		};
/* End PBXShellScriptBuildPhase section */

/* Begin PBXSourcesBuildPhase section */
		FF4CC4F92620DD05001478F3 /* Sources */ = {
			isa = PBXSourcesBuildPhase;
			buildActionMask = 2147483647;
			files = (
				FF4CC5052620DD06001478F3 /* ViewController.swift in Sources */,
				FF70CACB263C66BD0017F5ED /* SignInTableViewCell.swift in Sources */,
				FF70CAE7263DD6410017F5ED /* EmptyTableViewCell.swift in Sources */,
				FF4CC5012620DD06001478F3 /* AppDelegate.swift in Sources */,
				FF70CAD5263D6E7F0017F5ED /* TableViewModel.swift in Sources */,
				FF4CC53B2620DE48001478F3 /* FontModel.swift in Sources */,
				FF4CC5402620DEF8001478F3 /* FontDataProvider.swift in Sources */,
				FF4CC5032620DD06001478F3 /* SceneDelegate.swift in Sources */,
				FF70CAD0263C79520017F5ED /* GeneralTableViewCell.swift in Sources */,
			);
			runOnlyForDeploymentPostprocessing = 0;
		};
		FF4CC50F2620DD07001478F3 /* Sources */ = {
			isa = PBXSourcesBuildPhase;
			buildActionMask = 2147483647;
			files = (
				FF4CC5182620DD07001478F3 /* UITableViewTests.swift in Sources */,
			);
			runOnlyForDeploymentPostprocessing = 0;
		};
		FF4CC51A2620DD07001478F3 /* Sources */ = {
			isa = PBXSourcesBuildPhase;
			buildActionMask = 2147483647;
			files = (
				FF4CC5232620DD07001478F3 /* UITableViewUITests.swift in Sources */,
			);
			runOnlyForDeploymentPostprocessing = 0;
		};
/* End PBXSourcesBuildPhase section */

/* Begin PBXTargetDependency section */
		FF4CC5152620DD07001478F3 /* PBXTargetDependency */ = {
			isa = PBXTargetDependency;
			target = FF4CC4FC2620DD05001478F3 /* UITableView */;
			targetProxy = FF4CC5142620DD07001478F3 /* PBXContainerItemProxy */;
		};
		FF4CC5202620DD07001478F3 /* PBXTargetDependency */ = {
			isa = PBXTargetDependency;
			target = FF4CC4FC2620DD05001478F3 /* UITableView */;
			targetProxy = FF4CC51F2620DD07001478F3 /* PBXContainerItemProxy */;
		};
/* End PBXTargetDependency section */

/* Begin PBXVariantGroup section */
		FF4CC5062620DD06001478F3 /* Main.storyboard */ = {
			isa = PBXVariantGroup;
			children = (
				FF4CC5072620DD06001478F3 /* Base */,
			);
			name = Main.storyboard;
			sourceTree = "<group>";
		};
		FF4CC50B2620DD07001478F3 /* LaunchScreen.storyboard */ = {
			isa = PBXVariantGroup;
			children = (
				FF4CC50C2620DD07001478F3 /* Base */,
			);
			name = LaunchScreen.storyboard;
			sourceTree = "<group>";
		};
/* End PBXVariantGroup section */

/* Begin XCBuildConfiguration section */
		FF4CC5252620DD07001478F3 /* Debug */ = {
			isa = XCBuildConfiguration;
			buildSettings = {
				ALWAYS_SEARCH_USER_PATHS = NO;
				CLANG_ANALYZER_NONNULL = YES;
				CLANG_ANALYZER_NUMBER_OBJECT_CONVERSION = YES_AGGRESSIVE;
				CLANG_CXX_LANGUAGE_STANDARD = "gnu++14";
				CLANG_CXX_LIBRARY = "libc++";
				CLANG_ENABLE_MODULES = YES;
				CLANG_ENABLE_OBJC_ARC = YES;
				CLANG_ENABLE_OBJC_WEAK = YES;
				CLANG_WARN_BLOCK_CAPTURE_AUTORELEASING = YES;
				CLANG_WARN_BOOL_CONVERSION = YES;
				CLANG_WARN_COMMA = YES;
				CLANG_WARN_CONSTANT_CONVERSION = YES;
				CLANG_WARN_DEPRECATED_OBJC_IMPLEMENTATIONS = YES;
				CLANG_WARN_DIRECT_OBJC_ISA_USAGE = YES_ERROR;
				CLANG_WARN_DOCUMENTATION_COMMENTS = YES;
				CLANG_WARN_EMPTY_BODY = YES;
				CLANG_WARN_ENUM_CONVERSION = YES;
				CLANG_WARN_INFINITE_RECURSION = YES;
				CLANG_WARN_INT_CONVERSION = YES;
				CLANG_WARN_NON_LITERAL_NULL_CONVERSION = YES;
				CLANG_WARN_OBJC_IMPLICIT_RETAIN_SELF = YES;
				CLANG_WARN_OBJC_LITERAL_CONVERSION = YES;
				CLANG_WARN_OBJC_ROOT_CLASS = YES_ERROR;
				CLANG_WARN_QUOTED_INCLUDE_IN_FRAMEWORK_HEADER = YES;
				CLANG_WARN_RANGE_LOOP_ANALYSIS = YES;
				CLANG_WARN_STRICT_PROTOTYPES = YES;
				CLANG_WARN_SUSPICIOUS_MOVE = YES;
				CLANG_WARN_UNGUARDED_AVAILABILITY = YES_AGGRESSIVE;
				CLANG_WARN_UNREACHABLE_CODE = YES;
				CLANG_WARN__DUPLICATE_METHOD_MATCH = YES;
				COPY_PHASE_STRIP = NO;
				DEBUG_INFORMATION_FORMAT = dwarf;
				ENABLE_STRICT_OBJC_MSGSEND = YES;
				ENABLE_TESTABILITY = YES;
				GCC_C_LANGUAGE_STANDARD = gnu11;
				GCC_DYNAMIC_NO_PIC = NO;
				GCC_NO_COMMON_BLOCKS = YES;
				GCC_OPTIMIZATION_LEVEL = 0;
				GCC_PREPROCESSOR_DEFINITIONS = (
					"DEBUG=1",
					"$(inherited)",
				);
				GCC_WARN_64_TO_32_BIT_CONVERSION = YES;
				GCC_WARN_ABOUT_RETURN_TYPE = YES_ERROR;
				GCC_WARN_UNDECLARED_SELECTOR = YES;
				GCC_WARN_UNINITIALIZED_AUTOS = YES_AGGRESSIVE;
				GCC_WARN_UNUSED_FUNCTION = YES;
				GCC_WARN_UNUSED_VARIABLE = YES;
				IPHONEOS_DEPLOYMENT_TARGET = 14.4;
				MTL_ENABLE_DEBUG_INFO = INCLUDE_SOURCE;
				MTL_FAST_MATH = YES;
				ONLY_ACTIVE_ARCH = YES;
				SDKROOT = iphoneos;
				SWIFT_ACTIVE_COMPILATION_CONDITIONS = DEBUG;
				SWIFT_OPTIMIZATION_LEVEL = "-Onone";
			};
			name = Debug;
		};
		FF4CC5262620DD07001478F3 /* Release */ = {
			isa = XCBuildConfiguration;
			buildSettings = {
				ALWAYS_SEARCH_USER_PATHS = NO;
				CLANG_ANALYZER_NONNULL = YES;
				CLANG_ANALYZER_NUMBER_OBJECT_CONVERSION = YES_AGGRESSIVE;
				CLANG_CXX_LANGUAGE_STANDARD = "gnu++14";
				CLANG_CXX_LIBRARY = "libc++";
				CLANG_ENABLE_MODULES = YES;
				CLANG_ENABLE_OBJC_ARC = YES;
				CLANG_ENABLE_OBJC_WEAK = YES;
				CLANG_WARN_BLOCK_CAPTURE_AUTORELEASING = YES;
				CLANG_WARN_BOOL_CONVERSION = YES;
				CLANG_WARN_COMMA = YES;
				CLANG_WARN_CONSTANT_CONVERSION = YES;
				CLANG_WARN_DEPRECATED_OBJC_IMPLEMENTATIONS = YES;
				CLANG_WARN_DIRECT_OBJC_ISA_USAGE = YES_ERROR;
				CLANG_WARN_DOCUMENTATION_COMMENTS = YES;
				CLANG_WARN_EMPTY_BODY = YES;
				CLANG_WARN_ENUM_CONVERSION = YES;
				CLANG_WARN_INFINITE_RECURSION = YES;
				CLANG_WARN_INT_CONVERSION = YES;
				CLANG_WARN_NON_LITERAL_NULL_CONVERSION = YES;
				CLANG_WARN_OBJC_IMPLICIT_RETAIN_SELF = YES;
				CLANG_WARN_OBJC_LITERAL_CONVERSION = YES;
				CLANG_WARN_OBJC_ROOT_CLASS = YES_ERROR;
				CLANG_WARN_QUOTED_INCLUDE_IN_FRAMEWORK_HEADER = YES;
				CLANG_WARN_RANGE_LOOP_ANALYSIS = YES;
				CLANG_WARN_STRICT_PROTOTYPES = YES;
				CLANG_WARN_SUSPICIOUS_MOVE = YES;
				CLANG_WARN_UNGUARDED_AVAILABILITY = YES_AGGRESSIVE;
				CLANG_WARN_UNREACHABLE_CODE = YES;
				CLANG_WARN__DUPLICATE_METHOD_MATCH = YES;
				COPY_PHASE_STRIP = NO;
				DEBUG_INFORMATION_FORMAT = "dwarf-with-dsym";
				ENABLE_NS_ASSERTIONS = NO;
				ENABLE_STRICT_OBJC_MSGSEND = YES;
				GCC_C_LANGUAGE_STANDARD = gnu11;
				GCC_NO_COMMON_BLOCKS = YES;
				GCC_WARN_64_TO_32_BIT_CONVERSION = YES;
				GCC_WARN_ABOUT_RETURN_TYPE = YES_ERROR;
				GCC_WARN_UNDECLARED_SELECTOR = YES;
				GCC_WARN_UNINITIALIZED_AUTOS = YES_AGGRESSIVE;
				GCC_WARN_UNUSED_FUNCTION = YES;
				GCC_WARN_UNUSED_VARIABLE = YES;
				IPHONEOS_DEPLOYMENT_TARGET = 14.4;
				MTL_ENABLE_DEBUG_INFO = NO;
				MTL_FAST_MATH = YES;
				SDKROOT = iphoneos;
				SWIFT_COMPILATION_MODE = wholemodule;
				SWIFT_OPTIMIZATION_LEVEL = "-O";
				VALIDATE_PRODUCT = YES;
			};
			name = Release;
		};
		FF4CC5282620DD07001478F3 /* Debug */ = {
			isa = XCBuildConfiguration;
			baseConfigurationReference = 5AA9F27F6659C4C17C20FB1B /* Pods-UITableView.debug.xcconfig */;
			buildSettings = {
				ASSETCATALOG_COMPILER_APPICON_NAME = AppIcon;
				ASSETCATALOG_COMPILER_GLOBAL_ACCENT_COLOR_NAME = AccentColor;
				CODE_SIGN_STYLE = Automatic;
				DEVELOPMENT_TEAM = HT46X4SNBR;
				INFOPLIST_FILE = UITableView/Info.plist;
				LD_RUNPATH_SEARCH_PATHS = (
					"$(inherited)",
					"@executable_path/Frameworks",
				);
				PRODUCT_BUNDLE_IDENTIFIER = com.LearnIOS.UITableView;
				PRODUCT_NAME = "$(TARGET_NAME)";
				SWIFT_VERSION = 5.0;
				TARGETED_DEVICE_FAMILY = "1,2";
			};
			name = Debug;
		};
		FF4CC5292620DD07001478F3 /* Release */ = {
			isa = XCBuildConfiguration;
			baseConfigurationReference = 15147021E26F765BFD8C6B80 /* Pods-UITableView.release.xcconfig */;
			buildSettings = {
				ASSETCATALOG_COMPILER_APPICON_NAME = AppIcon;
				ASSETCATALOG_COMPILER_GLOBAL_ACCENT_COLOR_NAME = AccentColor;
				CODE_SIGN_STYLE = Automatic;
				DEVELOPMENT_TEAM = HT46X4SNBR;
				INFOPLIST_FILE = UITableView/Info.plist;
				LD_RUNPATH_SEARCH_PATHS = (
					"$(inherited)",
					"@executable_path/Frameworks",
				);
				PRODUCT_BUNDLE_IDENTIFIER = com.LearnIOS.UITableView;
				PRODUCT_NAME = "$(TARGET_NAME)";
				SWIFT_VERSION = 5.0;
				TARGETED_DEVICE_FAMILY = "1,2";
			};
			name = Release;
		};
		FF4CC52B2620DD07001478F3 /* Debug */ = {
			isa = XCBuildConfiguration;
			baseConfigurationReference = 78CF6201EEC85FC698A85579 /* Pods-UITableViewTests.debug.xcconfig */;
			buildSettings = {
				ALWAYS_EMBED_SWIFT_STANDARD_LIBRARIES = YES;
				BUNDLE_LOADER = "$(TEST_HOST)";
				CODE_SIGN_STYLE = Automatic;
				DEVELOPMENT_TEAM = HT46X4SNBR;
				INFOPLIST_FILE = UITableViewTests/Info.plist;
				IPHONEOS_DEPLOYMENT_TARGET = 14.4;
				LD_RUNPATH_SEARCH_PATHS = (
					"$(inherited)",
					"@executable_path/Frameworks",
					"@loader_path/Frameworks",
				);
				PRODUCT_BUNDLE_IDENTIFIER = com.LearnIOS.UITableViewTests;
				PRODUCT_NAME = "$(TARGET_NAME)";
				SWIFT_VERSION = 5.0;
				TARGETED_DEVICE_FAMILY = "1,2";
				TEST_HOST = "$(BUILT_PRODUCTS_DIR)/UITableView.app/UITableView";
			};
			name = Debug;
		};
		FF4CC52C2620DD07001478F3 /* Release */ = {
			isa = XCBuildConfiguration;
			baseConfigurationReference = FEB5AD146047AEDA8A324005 /* Pods-UITableViewTests.release.xcconfig */;
			buildSettings = {
				ALWAYS_EMBED_SWIFT_STANDARD_LIBRARIES = YES;
				BUNDLE_LOADER = "$(TEST_HOST)";
				CODE_SIGN_STYLE = Automatic;
				DEVELOPMENT_TEAM = HT46X4SNBR;
				INFOPLIST_FILE = UITableViewTests/Info.plist;
				IPHONEOS_DEPLOYMENT_TARGET = 14.4;
				LD_RUNPATH_SEARCH_PATHS = (
					"$(inherited)",
					"@executable_path/Frameworks",
					"@loader_path/Frameworks",
				);
				PRODUCT_BUNDLE_IDENTIFIER = com.LearnIOS.UITableViewTests;
				PRODUCT_NAME = "$(TARGET_NAME)";
				SWIFT_VERSION = 5.0;
				TARGETED_DEVICE_FAMILY = "1,2";
				TEST_HOST = "$(BUILT_PRODUCTS_DIR)/UITableView.app/UITableView";
			};
			name = Release;
		};
		FF4CC52E2620DD07001478F3 /* Debug */ = {
			isa = XCBuildConfiguration;
			baseConfigurationReference = 6D196F8C9245DDCE4F96A937 /* Pods-UITableView-UITableViewUITests.debug.xcconfig */;
			buildSettings = {
				ALWAYS_EMBED_SWIFT_STANDARD_LIBRARIES = YES;
				CODE_SIGN_STYLE = Automatic;
				DEVELOPMENT_TEAM = HT46X4SNBR;
				INFOPLIST_FILE = UITableViewUITests/Info.plist;
				LD_RUNPATH_SEARCH_PATHS = (
					"$(inherited)",
					"@executable_path/Frameworks",
					"@loader_path/Frameworks",
				);
				PRODUCT_BUNDLE_IDENTIFIER = com.LearnIOS.UITableViewUITests;
				PRODUCT_NAME = "$(TARGET_NAME)";
				SWIFT_VERSION = 5.0;
				TARGETED_DEVICE_FAMILY = "1,2";
				TEST_TARGET_NAME = UITableView;
			};
			name = Debug;
		};
		FF4CC52F2620DD07001478F3 /* Release */ = {
			isa = XCBuildConfiguration;
			baseConfigurationReference = 7096CFC5C510C7D75924C2A8 /* Pods-UITableView-UITableViewUITests.release.xcconfig */;
			buildSettings = {
				ALWAYS_EMBED_SWIFT_STANDARD_LIBRARIES = YES;
				CODE_SIGN_STYLE = Automatic;
				DEVELOPMENT_TEAM = HT46X4SNBR;
				INFOPLIST_FILE = UITableViewUITests/Info.plist;
				LD_RUNPATH_SEARCH_PATHS = (
					"$(inherited)",
					"@executable_path/Frameworks",
					"@loader_path/Frameworks",
				);
				PRODUCT_BUNDLE_IDENTIFIER = com.LearnIOS.UITableViewUITests;
				PRODUCT_NAME = "$(TARGET_NAME)";
				SWIFT_VERSION = 5.0;
				TARGETED_DEVICE_FAMILY = "1,2";
				TEST_TARGET_NAME = UITableView;
			};
			name = Release;
		};
/* End XCBuildConfiguration section */

/* Begin XCConfigurationList section */
		FF4CC4F82620DD05001478F3 /* Build configuration list for PBXProject "UITableView" */ = {
			isa = XCConfigurationList;
			buildConfigurations = (
				FF4CC5252620DD07001478F3 /* Debug */,
				FF4CC5262620DD07001478F3 /* Release */,
			);
			defaultConfigurationIsVisible = 0;
			defaultConfigurationName = Release;
		};
		FF4CC5272620DD07001478F3 /* Build configuration list for PBXNativeTarget "UITableView" */ = {
			isa = XCConfigurationList;
			buildConfigurations = (
				FF4CC5282620DD07001478F3 /* Debug */,
				FF4CC5292620DD07001478F3 /* Release */,
			);
			defaultConfigurationIsVisible = 0;
			defaultConfigurationName = Release;
		};
		FF4CC52A2620DD07001478F3 /* Build configuration list for PBXNativeTarget "UITableViewTests" */ = {
			isa = XCConfigurationList;
			buildConfigurations = (
				FF4CC52B2620DD07001478F3 /* Debug */,
				FF4CC52C2620DD07001478F3 /* Release */,
			);
			defaultConfigurationIsVisible = 0;
			defaultConfigurationName = Release;
		};
		FF4CC52D2620DD07001478F3 /* Build configuration list for PBXNativeTarget "UITableViewUITests" */ = {
			isa = XCConfigurationList;
			buildConfigurations = (
				FF4CC52E2620DD07001478F3 /* Debug */,
				FF4CC52F2620DD07001478F3 /* Release */,
			);
			defaultConfigurationIsVisible = 0;
			defaultConfigurationName = Release;
		};
/* End XCConfigurationList section */
	};
	rootObject = FF4CC4F52620DD05001478F3 /* Project object */;
}
